
Microsoft Visual Studio Solution File, Format Version 12.00
# Visual Studio 15
VisualStudioVersion = 15.0.28307.329
MinimumVisualStudioVersion = 10.0.40219.1
Project("{FAE04EC0-301F-11D3-BF4B-00C04F79EFBC}") = "FileSort", "FileSort\FileSort.csproj", "{86F44DFC-BCBF-4C5B-89EF-C8061C4C8A90}"
EndProject
Global
	GlobalSection(SolutionConfigurationPlatforms) = preSolution
		Debug|Any CPU = Debug|Any CPU
		Release|Any CPU = Release|Any CPU
	EndGlobalSection
	GlobalSection(ProjectConfigurationPlatforms) = postSolution
		{86F44DFC-BCBF-4C5B-89EF-C8061C4C8A90}.Debug|Any CPU.ActiveCfg = Debug|Any CPU
		{86F44DFC-BCBF-4C5B-89EF-C8061C4C8A90}.Debug|Any CPU.Build.0 = Debug|Any CPU
		{86F44DFC-BCBF-4C5B-89EF-C8061C4C8A90}.Release|Any CPU.ActiveCfg = Release|Any CPU
		{86F44DFC-BCBF-4C5B-89EF-C8061C4C8A90}.Release|Any CPU.Build.0 = Release|Any CPU
	EndGlobalSection
	GlobalSection(SolutionProperties) = preSolution
		HideSolutionNode = FALSE
	EndGlobalSection
	GlobalSection(ExtensibilityGlobals) = postSolution
		SolutionGuid = {E36D7F9D-733A-4E1D-A73D-07DFB3FD84DC}
	EndGlobalSection
EndGlobal
